// !$*UTF8*$!
{
	archiveVersion = 1;
	classes = {
	};
	objectVersion = 46;
	objects = {

/* Begin PBXBuildFile section */
		DA477F231B960A52009A728D /* main.m in Sources */ = {isa = PBXBuildFile; fileRef = DA477F221B960A52009A728D /* main.m */; };
		DA477F261B960A52009A728D /* AppDelegate.m in Sources */ = {isa = PBXBuildFile; fileRef = DA477F251B960A52009A728D /* AppDelegate.m */; };
		DA477F291B960A52009A728D /* LuckyNumber.xcdatamodeld in Sources */ = {isa = PBXBuildFile; fileRef = DA477F271B960A52009A728D /* LuckyNumber.xcdatamodeld */; };
		DA477F2C1B960A52009A728D /* ViewController.m in Sources */ = {isa = PBXBuildFile; fileRef = DA477F2B1B960A52009A728D /* ViewController.m */; };
		DA477F2F1B960A52009A728D /* Main.storyboard in Resources */ = {isa = PBXBuildFile; fileRef = DA477F2D1B960A52009A728D /* Main.storyboard */; };
		DA477F311B960A52009A728D /* Images.xcassets in Resources */ = {isa = PBXBuildFile; fileRef = DA477F301B960A52009A728D /* Images.xcassets */; };
		DA477F341B960A52009A728D /* LaunchScreen.xib in Resources */ = {isa = PBXBuildFile; fileRef = DA477F321B960A52009A728D /* LaunchScreen.xib */; };
		DA477F401B960A52009A728D /* LuckyNumberTests.m in Sources */ = {isa = PBXBuildFile; fileRef = DA477F3F1B960A52009A728D /* LuckyNumberTests.m */; };
		DA477F4B1B960A6B009A728D /* NumberUtil.m in Sources */ = {isa = PBXBuildFile; fileRef = DA477F4A1B960A6B009A728D /* NumberUtil.m */; };
		DA477F4D1B960B28009A728D /* NumbersString in Resources */ = {isa = PBXBuildFile; fileRef = DA477F4C1B960B28009A728D /* NumbersString */; };
/* End PBXBuildFile section */

/* Begin PBXContainerItemProxy section */
		DA477F3A1B960A52009A728D /* PBXContainerItemProxy */ = {
			isa = PBXContainerItemProxy;
			containerPortal = DA477F151B960A52009A728D /* Project object */;
			proxyType = 1;
			remoteGlobalIDString = DA477F1C1B960A52009A728D;
			remoteInfo = LuckyNumber;
		};
/* End PBXContainerItemProxy section */

/* Begin PBXFileReference section */
		DA477F1D1B960A52009A728D /* LuckyNumber.app */ = {isa = PBXFileReference; explicitFileType = wrapper.application; includeInIndex = 0; path = LuckyNumber.app; sourceTree = BUILT_PRODUCTS_DIR; };
		DA477F211B960A52009A728D /* Info.plist */ = {isa = PBXFileReference; lastKnownFileType = text.plist.xml; path = Info.plist; sourceTree = "<group>"; };
		DA477F221B960A52009A728D /* main.m */ = {isa = PBXFileReference; lastKnownFileType = sourcecode.c.objc; path = main.m; sourceTree = "<group>"; };
		DA477F241B960A52009A728D /* AppDelegate.h */ = {isa = PBXFileReference; lastKnownFileType = sourcecode.c.h; path = AppDelegate.h; sourceTree = "<group>"; };
		DA477F251B960A52009A728D /* AppDelegate.m */ = {isa = PBXFileReference; lastKnownFileType = sourcecode.c.objc; path = AppDelegate.m; sourceTree = "<group>"; };
		DA477F281B960A52009A728D /* LuckyNumber.xcdatamodel */ = {isa = PBXFileReference; lastKnownFileType = wrapper.xcdatamodel; path = LuckyNumber.xcdatamodel; sourceTree = "<group>"; };
		DA477F2A1B960A52009A728D /* ViewController.h */ = {isa = PBXFileReference; lastKnownFileType = sourcecode.c.h; path = ViewController.h; sourceTree = "<group>"; };
		DA477F2B1B960A52009A728D /* ViewController.m */ = {isa = PBXFileReference; lastKnownFileType = sourcecode.c.objc; path = ViewController.m; sourceTree = "<group>"; };
		DA477F2E1B960A52009A728D /* Base */ = {isa = PBXFileReference; lastKnownFileType = file.storyboard; name = Base; path = Base.lproj/Main.storyboard; sourceTree = "<group>"; };
		DA477F301B960A52009A728D /* Images.xcassets */ = {isa = PBXFileReference; lastKnownFileType = folder.assetcatalog; path = Images.xcassets; sourceTree = "<group>"; };
		DA477F331B960A52009A728D /* Base */ = {isa = PBXFileReference; lastKnownFileType = file.xib; name = Base; path = Base.lproj/LaunchScreen.xib; sourceTree = "<group>"; };
		DA477F391B960A52009A728D /* LuckyNumberTests.xctest */ = {isa = PBXFileReference; explicitFileType = wrapper.cfbundle; includeInIndex = 0; path = LuckyNumberTests.xctest; sourceTree = BUILT_PRODUCTS_DIR; };
		DA477F3E1B960A52009A728D /* Info.plist */ = {isa = PBXFileReference; lastKnownFileType = text.plist.xml; path = Info.plist; sourceTree = "<group>"; };
		DA477F3F1B960A52009A728D /* LuckyNumberTests.m */ = {isa = PBXFileReference; lastKnownFileType = sourcecode.c.objc; path = LuckyNumberTests.m; sourceTree = "<group>"; };
		DA477F491B960A6B009A728D /* NumberUtil.h */ = {isa = PBXFileReference; fileEncoding = 4; lastKnownFileType = sourcecode.c.h; path = NumberUtil.h; sourceTree = "<group>"; };
		DA477F4A1B960A6B009A728D /* NumberUtil.m */ = {isa = PBXFileReference; fileEncoding = 4; lastKnownFileType = sourcecode.c.objc; path = NumberUtil.m; sourceTree = "<group>"; };
		DA477F4C1B960B28009A728D /* NumbersString */ = {isa = PBXFileReference; fileEncoding = 4; lastKnownFileType = text; path = NumbersString; sourceTree = "<group>"; };
/* End PBXFileReference section */

/* Begin PBXFrameworksBuildPhase section */
		DA477F1A1B960A52009A728D /* Frameworks */ = {
			isa = PBXFrameworksBuildPhase;
			buildActionMask = 2147483647;
			files = (
			);
			runOnlyForDeploymentPostprocessing = 0;
		};
		DA477F361B960A52009A728D /* Frameworks */ = {
			isa = PBXFrameworksBuildPhase;
			buildActionMask = 2147483647;
			files = (
			);
			runOnlyForDeploymentPostprocessing = 0;
		};
/* End PBXFrameworksBuildPhase section */

/* Begin PBXGroup section */
		DA477F141B960A52009A728D = {
			isa = PBXGroup;
			children = (
				DA477F1F1B960A52009A728D /* LuckyNumber */,
				DA477F3C1B960A52009A728D /* LuckyNumberTests */,
				DA477F1E1B960A52009A728D /* Products */,
			);
			sourceTree = "<group>";
		};
		DA477F1E1B960A52009A728D /* Products */ = {
			isa = PBXGroup;
			children = (
				DA477F1D1B960A52009A728D /* LuckyNumber.app */,
				DA477F391B960A52009A728D /* LuckyNumberTests.xctest */,
			);
			name = Products;
			sourceTree = "<group>";
		};
		DA477F1F1B960A52009A728D /* LuckyNumber */ = {
			isa = PBXGroup;
			children = (
				DA477F241B960A52009A728D /* AppDelegate.h */,
				DA477F251B960A52009A728D /* AppDelegate.m */,
				DA477F2A1B960A52009A728D /* ViewController.h */,
				DA477F2B1B960A52009A728D /* ViewController.m */,
				DA477F2D1B960A52009A728D /* Main.storyboard */,
				DA477F301B960A52009A728D /* Images.xcassets */,
				DA477F321B960A52009A728D /* LaunchScreen.xib */,
				DA477F271B960A52009A728D /* LuckyNumber.xcdatamodeld */,
				DA477F201B960A52009A728D /* Supporting Files */,
				DA477F491B960A6B009A728D /* NumberUtil.h */,
				DA477F4A1B960A6B009A728D /* NumberUtil.m */,
				DA477F4C1B960B28009A728D /* NumbersString */,
			);
			path = LuckyNumber;
			sourceTree = "<group>";
		};
		DA477F201B960A52009A728D /* Supporting Files */ = {
			isa = PBXGroup;
			children = (
				DA477F211B960A52009A728D /* Info.plist */,
				DA477F221B960A52009A728D /* main.m */,
			);
			name = "Supporting Files";
			sourceTree = "<group>";
		};
		DA477F3C1B960A52009A728D /* LuckyNumberTests */ = {
			isa = PBXGroup;
			children = (
				DA477F3F1B960A52009A728D /* LuckyNumberTests.m */,
				DA477F3D1B960A52009A728D /* Supporting Files */,
			);
			path = LuckyNumberTests;
			sourceTree = "<group>";
		};
		DA477F3D1B960A52009A728D /* Supporting Files */ = {
			isa = PBXGroup;
			children = (
				DA477F3E1B960A52009A728D /* Info.plist */,
			);
			name = "Supporting Files";
			sourceTree = "<group>";
		};
/* End PBXGroup section */

/* Begin PBXNativeTarget section */
		DA477F1C1B960A52009A728D /* LuckyNumber */ = {
			isa = PBXNativeTarget;
			buildConfigurationList = DA477F431B960A52009A728D /* Build configuration list for PBXNativeTarget "LuckyNumber" */;
			buildPhases = (
				DA477F191B960A52009A728D /* Sources */,
				DA477F1A1B960A52009A728D /* Frameworks */,
				DA477F1B1B960A52009A728D /* Resources */,
			);
			buildRules = (
			);
			dependencies = (
			);
			name = LuckyNumber;
			productName = LuckyNumber;
			productReference = DA477F1D1B960A52009A728D /* LuckyNumber.app */;
			productType = "com.apple.product-type.application";
		};
		DA477F381B960A52009A728D /* LuckyNumberTests */ = {
			isa = PBXNativeTarget;
			buildConfigurationList = DA477F461B960A52009A728D /* Build configuration list for PBXNativeTarget "LuckyNumberTests" */;
			buildPhases = (
				DA477F351B960A52009A728D /* Sources */,
				DA477F361B960A52009A728D /* Frameworks */,
				DA477F371B960A52009A728D /* Resources */,
			);
			buildRules = (
			);
			dependencies = (
				DA477F3B1B960A52009A728D /* PBXTargetDependency */,
			);
			name = LuckyNumberTests;
			productName = LuckyNumberTests;
			productReference = DA477F391B960A52009A728D /* LuckyNumberTests.xctest */;
			productType = "com.apple.product-type.bundle.unit-test";
		};
/* End PBXNativeTarget section */

/* Begin PBXProject section */
		DA477F151B960A52009A728D /* Project object */ = {
			isa = PBXProject;
			attributes = {
				LastUpgradeCheck = 0640;
				ORGANIZATIONNAME = xingjun;
				TargetAttributes = {
					DA477F1C1B960A52009A728D = {
						CreatedOnToolsVersion = 6.4;
						DevelopmentTeam = MYHNLRWHB9;
					};
					DA477F381B960A52009A728D = {
						CreatedOnToolsVersion = 6.4;
						TestTargetID = DA477F1C1B960A52009A728D;
					};
				};
			};
			buildConfigurationList = DA477F181B960A52009A728D /* Build configuration list for PBXProject "LuckyNumber" */;
			compatibilityVersion = "Xcode 3.2";
			developmentRegion = English;
			hasScannedForEncodings = 0;
			knownRegions = (
				en,
				Base,
			);
			mainGroup = DA477F141B960A52009A728D;
			productRefGroup = DA477F1E1B960A52009A728D /* Products */;
			projectDirPath = "";
			projectRoot = "";
			targets = (
				DA477F1C1B960A52009A728D /* LuckyNumber */,
				DA477F381B960A52009A728D /* LuckyNumberTests */,
			);
		};
/* End PBXProject section */

/* Begin PBXResourcesBuildPhase section */
		DA477F1B1B960A52009A728D /* Resources */ = {
			isa = PBXResourcesBuildPhase;
			buildActionMask = 2147483647;
			files = (
				DA477F4D1B960B28009A728D /* NumbersString in Resources */,
				DA477F2F1B960A52009A728D /* Main.storyboard in Resources */,
				DA477F341B960A52009A728D /* LaunchScreen.xib in Resources */,
				DA477F311B960A52009A728D /* Images.xcassets in Resources */,
			);
			runOnlyForDeploymentPostprocessing = 0;
		};
		DA477F371B960A52009A728D /* Resources */ = {
			isa = PBXResourcesBuildPhase;
			buildActionMask = 2147483647;
			files = (
			);
			runOnlyForDeploymentPostprocessing = 0;
		};
/* End PBXResourcesBuildPhase section */

/* Begin PBXSourcesBuildPhase section */
		DA477F191B960A52009A728D /* Sources */ = {
			isa = PBXSourcesBuildPhase;
			buildActionMask = 2147483647;
			files = (
				DA477F291B960A52009A728D /* LuckyNumber.xcdatamodeld in Sources */,
				DA477F261B960A52009A728D /* AppDelegate.m in Sources */,
				DA477F4B1B960A6B009A728D /* NumberUtil.m in Sources */,
				DA477F2C1B960A52009A728D /* ViewController.m in Sources */,
				DA477F231B960A52009A728D /* main.m in Sources */,
			);
			runOnlyForDeploymentPostprocessing = 0;
		};
		DA477F351B960A52009A728D /* Sources */ = {
			isa = PBXSourcesBuildPhase;
			buildActionMask = 2147483647;
			files = (
				DA477F401B960A52009A728D /* LuckyNumberTests.m in Sources */,
			);
			runOnlyForDeploymentPostprocessing = 0;
		};
/* End PBXSourcesBuildPhase section */

/* Begin PBXTargetDependency section */
		DA477F3B1B960A52009A728D /* PBXTargetDependency */ = {
			isa = PBXTargetDependency;
			target = DA477F1C1B960A52009A728D /* LuckyNumber */;
			targetProxy = DA477F3A1B960A52009A728D /* PBXContainerItemProxy */;
		};
/* End PBXTargetDependency section */

/* Begin PBXVariantGroup section */
		DA477F2D1B960A52009A728D /* Main.storyboard */ = {
			isa = PBXVariantGroup;
			children = (
				DA477F2E1B960A52009A728D /* Base */,
			);
			name = Main.storyboard;
			sourceTree = "<group>";
		};
		DA477F321B960A52009A728D /* LaunchScreen.xib */ = {
			isa = PBXVariantGroup;
			children = (
				DA477F331B960A52009A728D /* Base */,
			);
			name = LaunchScreen.xib;
			sourceTree = "<group>";
		};
/* End PBXVariantGroup section */

/* Begin XCBuildConfiguration section */
		DA477F411B960A52009A728D /* Debug */ = {
			isa = XCBuildConfiguration;
			buildSettings = {
				ALWAYS_SEARCH_USER_PATHS = NO;
				CLANG_CXX_LANGUAGE_STANDARD = "gnu++0x";
				CLANG_CXX_LIBRARY = "libc++";
				CLANG_ENABLE_MODULES = YES;
				CLANG_ENABLE_OBJC_ARC = YES;
				CLANG_WARN_BOOL_CONVERSION = YES;
				CLANG_WARN_CONSTANT_CONVERSION = YES;
				CLANG_WARN_DIRECT_OBJC_ISA_USAGE = YES_ERROR;
				CLANG_WARN_EMPTY_BODY = YES;
				CLANG_WARN_ENUM_CONVERSION = YES;
				CLANG_WARN_INT_CONVERSION = YES;
				CLANG_WARN_OBJC_ROOT_CLASS = YES_ERROR;
				CLANG_WARN_UNREACHABLE_CODE = YES;
				CLANG_WARN__DUPLICATE_METHOD_MATCH = YES;
				"CODE_SIGN_IDENTITY[sdk=iphoneos*]" = "iPhone Developer";
				COPY_PHASE_STRIP = NO;
				DEBUG_INFORMATION_FORMAT = "dwarf-with-dsym";
				ENABLE_STRICT_OBJC_MSGSEND = YES;
				GCC_C_LANGUAGE_STANDARD = gnu99;
				GCC_DYNAMIC_NO_PIC = NO;
				GCC_NO_COMMON_BLOCKS = YES;
				GCC_OPTIMIZATION_LEVEL = 0;
				GCC_PREPROCESSOR_DEFINITIONS = (
					"DEBUG=1",
					"$(inherited)",
				);
				GCC_SYMBOLS_PRIVATE_EXTERN = NO;
				GCC_WARN_64_TO_32_BIT_CONVERSION = YES;
				GCC_WARN_ABOUT_RETURN_TYPE = YES_ERROR;
				GCC_WARN_UNDECLARED_SELECTOR = YES;
				GCC_WARN_UNINITIALIZED_AUTOS = YES_AGGRESSIVE;
				GCC_WARN_UNUSED_FUNCTION = YES;
				GCC_WARN_UNUSED_VARIABLE = YES;
				IPHONEOS_DEPLOYMENT_TARGET = 8.4;
				MTL_ENABLE_DEBUG_INFO = YES;
				ONLY_ACTIVE_ARCH = YES;
				SDKROOT = iphoneos;
				TARGETED_DEVICE_FAMILY = "1,2";
			};
			name = Debug;
		};
		DA477F421B960A52009A728D /* Release */ = {
			isa = XCBuildConfiguration;
			buildSettings = {
				ALWAYS_SEARCH_USER_PATHS = NO;
				CLANG_CXX_LANGUAGE_STANDARD = "gnu++0x";
				CLANG_CXX_LIBRARY = "libc++";
				CLANG_ENABLE_MODULES = YES;
				CLANG_ENABLE_OBJC_ARC = YES;
				CLANG_WARN_BOOL_CONVERSION = YES;
				CLANG_WARN_CONSTANT_CONVERSION = YES;
				CLANG_WARN_DIRECT_OBJC_ISA_USAGE = YES_ERROR;
				CLANG_WARN_EMPTY_BODY = YES;
				CLANG_WARN_ENUM_CONVERSION = YES;
				CLANG_WARN_INT_CONVERSION = YES;
				CLANG_WARN_OBJC_ROOT_CLASS = YES_ERROR;
				CLANG_WARN_UNREACHABLE_CODE = YES;
				CLANG_WARN__DUPLICATE_METHOD_MATCH = YES;
				"CODE_SIGN_IDENTITY[sdk=iphoneos*]" = "iPhone Developer";
				COPY_PHASE_STRIP = NO;
				DEBUG_INFORMATION_FORMAT = "dwarf-with-dsym";
				ENABLE_NS_ASSERTIONS = NO;
				ENABLE_STRICT_OBJC_MSGSEND = YES;
				GCC_C_LANGUAGE_STANDARD = gnu99;
				GCC_NO_COMMON_BLOCKS = YES;
				GCC_WARN_64_TO_32_BIT_CONVERSION = YES;
				GCC_WARN_ABOUT_RETURN_TYPE = YES_ERROR;
				GCC_WARN_UNDECLARED_SELECTOR = YES;
				GCC_WARN_UNINITIALIZED_AUTOS = YES_AGGRESSIVE;
				GCC_WARN_UNUSED_FUNCTION = YES;
				GCC_WARN_UNUSED_VARIABLE = YES;
				IPHONEOS_DEPLOYMENT_TARGET = 8.4;
				MTL_ENABLE_DEBUG_INFO = NO;
				SDKROOT = iphoneos;
				TARGETED_DEVICE_FAMILY = "1,2";
				VALIDATE_PRODUCT = YES;
			};
			name = Release;
		};
		DA477F441B960A52009A728D /* Debug */ = {
			isa = XCBuildConfiguration;
			buildSettings = {
				ASSETCATALOG_COMPILER_APPICON_NAME = AppIcon;
				CODE_SIGN_IDENTITY = "iPhone Developer";
				INFOPLIST_FILE = LuckyNumber/Info.plist;
				LD_RUNPATH_SEARCH_PATHS = "$(inherited) @executable_path/Frameworks";
				PRODUCT_NAME = "$(TARGET_NAME)";
				PROVISIONING_PROFILE = "";
			};
			name = Debug;
		};
		DA477F451B960A52009A728D /* Release */ = {
			isa = XCBuildConfiguration;
			buildSettings = {
				ASSETCATALOG_COMPILER_APPICON_NAME = AppIcon;
				CODE_SIGN_IDENTITY = "iPhone Developer";
				INFOPLIST_FILE = LuckyNumber/Info.plist;
				LD_RUNPATH_SEARCH_PATHS = "$(inherited) @executable_path/Frameworks";
				PRODUCT_NAME = "$(TARGET_NAME)";
				PROVISIONING_PROFILE = "";
			};
			name = Release;
		};
		DA477F471B960A52009A728D /* Debug */ = {
			isa = XCBuildConfiguration;
			buildSettings = {
				BUNDLE_LOADER = "$(TEST_HOST)";
				FRAMEWORK_SEARCH_PATHS = (
					"$(SDKROOT)/Developer/Library/Frameworks",
					"$(inherited)",
				);
				GCC_PREPROCESSOR_DEFINITIONS = (
					"DEBUG=1",
					"$(inherited)",
				);
				INFOPLIST_FILE = LuckyNumberTests/Info.plist;
				LD_RUNPATH_SEARCH_PATHS = "$(inherited) @executable_path/Frameworks @loader_path/Frameworks";
				PRODUCT_NAME = "$(TARGET_NAME)";
				TEST_HOST = "$(BUILT_PRODUCTS_DIR)/LuckyNumber.app/LuckyNumber";
			};
			name = Debug;
		};
		DA477F481B960A52009A728D /* Release */ = {
			isa = XCBuildConfiguration;
			buildSettings = {
				BUNDLE_LOADER = "$(TEST_HOST)";
				FRAMEWORK_SEARCH_PATHS = (
					"$(SDKROOT)/Developer/Library/Frameworks",
					"$(inherited)",
				);
				INFOPLIST_FILE = LuckyNumberTests/Info.plist;
				LD_RUNPATH_SEARCH_PATHS = "$(inherited) @executable_path/Frameworks @loader_path/Frameworks";
				PRODUCT_NAME = "$(TARGET_NAME)";
				TEST_HOST = "$(BUILT_PRODUCTS_DIR)/LuckyNumber.app/LuckyNumber";
			};
			name = Release;
		};
/* End XCBuildConfiguration section */

/* Begin XCConfigurationList section */
		DA477F181B960A52009A728D /* Build configuration list for PBXProject "LuckyNumber" */ = {
			isa = XCConfigurationList;
			buildConfigurations = (
				DA477F411B960A52009A728D /* Debug */,
				DA477F421B960A52009A728D /* Release */,
			);
			defaultConfigurationIsVisible = 0;
			defaultConfigurationName = Release;
		};
		DA477F431B960A52009A728D /* Build configuration list for PBXNativeTarget "LuckyNumber" */ = {
			isa = XCConfigurationList;
			buildConfigurations = (
				DA477F441B960A52009A728D /* Debug */,
				DA477F451B960A52009A728D /* Release */,
			);
			defaultConfigurationIsVisible = 0;
			defaultConfigurationName = Release;
		};
		DA477F461B960A52009A728D /* Build configuration list for PBXNativeTarget "LuckyNumberTests" */ = {
			isa = XCConfigurationList;
			buildConfigurations = (
				DA477F471B960A52009A728D /* Debug */,
				DA477F481B960A52009A728D /* Release */,
			);
			defaultConfigurationIsVisible = 0;
			defaultConfigurationName = Release;
		};
/* End XCConfigurationList section */

/* Begin XCVersionGroup section */
		DA477F271B960A52009A728D /* LuckyNumber.xcdatamodeld */ = {
			isa = XCVersionGroup;
			children = (
				DA477F281B960A52009A728D /* LuckyNumber.xcdatamodel */,
			);
			currentVersion = DA477F281B960A52009A728D /* LuckyNumber.xcdatamodel */;
			path = LuckyNumber.xcdatamodeld;
			sourceTree = "<group>";
			versionGroupType = wrapper.xcdatamodel;
		};
/* End XCVersionGroup section */
	};
	rootObject = DA477F151B960A52009A728D /* Project object */;
}
